
Microsoft Visual Studio Solution File, Format Version 12.00
# Visual Studio Version 17
VisualStudioVersion = 17.9.34714.143
MinimumVisualStudioVersion = 10.0.40219.1
Project("{9A19103F-16F7-4668-BE54-9A1E7A4F7556}") = "AgriToolWebApi.API", "AgriToolWebApi.API\AgriToolWebApi.API.csproj", "{3AD3E1B3-14A0-4440-88E5-4338332F947E}"
EndProject
Project("{9A19103F-16F7-4668-BE54-9A1E7A4F7556}") = "AgriToolWebApi.Domain", "AgriToolWebApi.Domain\AgriToolWebApi.Domain.csproj", "{A7627014-0A90-49B8-879A-1D2EA25A034A}"
EndProject
Project("{9A19103F-16F7-4668-BE54-9A1E7A4F7556}") = "AgriToolWebApi.Infrastructure", "AgriToolWebApi.Infrastructure\AgriToolWebApi.Infrastructure.csproj", "{817B1588-0271-4614-A0C2-B5BCEB39E20B}"
EndProject
Project("{9A19103F-16F7-4668-BE54-9A1E7A4F7556}") = "AgriToolWebApi.Common", "AgriToolWebApi.Common\AgriToolWebApi.Common.csproj", "{5F203CD0-FD7E-4685-971C-76B714AE9D23}"
EndProject
Project("{FAE04EC0-301F-11D3-BF4B-00C04F79EFBC}") = "AgriToolWebApi.Application", "AgriToolWebApi.Application\AgriToolWebApi.Application.csproj", "{E963AB12-0268-4DFD-A63B-01A5D7EFDB0B}"
EndProject
Global
	GlobalSection(SolutionConfigurationPlatforms) = preSolution
		Debug|Any CPU = Debug|Any CPU
		Release|Any CPU = Release|Any CPU
	EndGlobalSection
	GlobalSection(ProjectConfigurationPlatforms) = postSolution
		{3AD3E1B3-14A0-4440-88E5-4338332F947E}.Debug|Any CPU.ActiveCfg = Debug|Any CPU
		{3AD3E1B3-14A0-4440-88E5-4338332F947E}.Debug|Any CPU.Build.0 = Debug|Any CPU
		{3AD3E1B3-14A0-4440-88E5-4338332F947E}.Release|Any CPU.ActiveCfg = Release|Any CPU
		{3AD3E1B3-14A0-4440-88E5-4338332F947E}.Release|Any CPU.Build.0 = Release|Any CPU
		{A7627014-0A90-49B8-879A-1D2EA25A034A}.Debug|Any CPU.ActiveCfg = Debug|Any CPU
		{A7627014-0A90-49B8-879A-1D2EA25A034A}.Debug|Any CPU.Build.0 = Debug|Any CPU
		{A7627014-0A90-49B8-879A-1D2EA25A034A}.Release|Any CPU.ActiveCfg = Release|Any CPU
		{A7627014-0A90-49B8-879A-1D2EA25A034A}.Release|Any CPU.Build.0 = Release|Any CPU
		{817B1588-0271-4614-A0C2-B5BCEB39E20B}.Debug|Any CPU.ActiveCfg = Debug|Any CPU
		{817B1588-0271-4614-A0C2-B5BCEB39E20B}.Debug|Any CPU.Build.0 = Debug|Any CPU
		{817B1588-0271-4614-A0C2-B5BCEB39E20B}.Release|Any CPU.ActiveCfg = Release|Any CPU
		{817B1588-0271-4614-A0C2-B5BCEB39E20B}.Release|Any CPU.Build.0 = Release|Any CPU
		{5F203CD0-FD7E-4685-971C-76B714AE9D23}.Debug|Any CPU.ActiveCfg = Debug|Any CPU
		{5F203CD0-FD7E-4685-971C-76B714AE9D23}.Debug|Any CPU.Build.0 = Debug|Any CPU
		{5F203CD0-FD7E-4685-971C-76B714AE9D23}.Release|Any CPU.ActiveCfg = Release|Any CPU
		{5F203CD0-FD7E-4685-971C-76B714AE9D23}.Release|Any CPU.Build.0 = Release|Any CPU
		{E963AB12-0268-4DFD-A63B-01A5D7EFDB0B}.Debug|Any CPU.ActiveCfg = Debug|Any CPU
		{E963AB12-0268-4DFD-A63B-01A5D7EFDB0B}.Debug|Any CPU.Build.0 = Debug|Any CPU
		{E963AB12-0268-4DFD-A63B-01A5D7EFDB0B}.Release|Any CPU.ActiveCfg = Release|Any CPU
		{E963AB12-0268-4DFD-A63B-01A5D7EFDB0B}.Release|Any CPU.Build.0 = Release|Any CPU
	EndGlobalSection
	GlobalSection(SolutionProperties) = preSolution
		HideSolutionNode = FALSE
	EndGlobalSection
	GlobalSection(ExtensibilityGlobals) = postSolution
		SolutionGuid = {935DA36F-6F18-404A-981C-4C3AA0F91D66}
	EndGlobalSection
EndGlobal
